
Microsoft Visual Studio Solution File, Format Version 12.00
# Visual Studio Version 16
VisualStudioVersion = 16.0.30907.101
MinimumVisualStudioVersion = 10.0.40219.1
Project("{FAE04EC0-301F-11D3-BF4B-00C04F79EFBC}") = "BulkyBook.Web", "BulkyBook.Web\BulkyBook.Web.csproj", "{332DB034-2145-4946-B909-2548181DADA3}"
EndProject
Global
	GlobalSection(SolutionConfigurationPlatforms) = preSolution
		Debug|Any CPU = Debug|Any CPU
		Release|Any CPU = Release|Any CPU
	EndGlobalSection
	GlobalSection(ProjectConfigurationPlatforms) = postSolution
		{332DB034-2145-4946-B909-2548181DADA3}.Debug|Any CPU.ActiveCfg = Debug|Any CPU
		{332DB034-2145-4946-B909-2548181DADA3}.Debug|Any CPU.Build.0 = Debug|Any CPU
		{332DB034-2145-4946-B909-2548181DADA3}.Release|Any CPU.ActiveCfg = Release|Any CPU
		{332DB034-2145-4946-B909-2548181DADA3}.Release|Any CPU.Build.0 = Release|Any CPU
	EndGlobalSection
	GlobalSection(SolutionProperties) = preSolution
		HideSolutionNode = FALSE
	EndGlobalSection
	GlobalSection(ExtensibilityGlobals) = postSolution
		SolutionGuid = {99F19A5A-8D45-4460-AE18-B1BF73D5ADAF}
	EndGlobalSection
EndGlobal
